{
  "name": "aquaweb.css",
  "version": "0.0.10",
  "lockfileVersion": 3,
  "requires": true,
  "packages": {
    "": {
      "name": "aquaweb.css",
      "version": "0.0.10",
      "license": "MIT",
      "devDependencies": {
        "husky": "^9.1.5",
        "lightningcss": "^1.26.0"
      }
    },
    "node_modules/detect-libc": {
      "version": "1.0.3",
      "resolved": "https://registry.npmjs.org/detect-libc/-/detect-libc-1.0.3.tgz",
      "integrity": "sha512-pGjwhsmsp4kL2RTz08wcOlGN83otlqHeD/Z5T8GXZB+/YcpQ/dgo+lbU8ZsGxV0HIvqqxo9l7mqYwyYMD9bKDg==",
      "dev": true,
      "bin": {
        "detect-libc": "bin/detect-libc.js"
      },
      "engines": {
        "node": ">=0.10"
      }
    },
    "node_modules/husky": {
      "version": "9.1.5",
      "resolved": "https://registry.npmjs.org/husky/-/husky-9.1.5.tgz",
      "integrity": "sha512-rowAVRUBfI0b4+niA4SJMhfQwc107VLkBUgEYYAOQAbqDCnra1nYh83hF/MDmhYs9t9n1E3DuKOrs2LYNC+0Ag==",
      "dev": true,
      "bin": {
        "husky": "bin.js"
      },
      "engines": {
        "node": ">=18"
      },
      "funding": {
        "url": "https://github.com/sponsors/typicode"
      }
    },
    "node_modules/lightningcss": {
      "version": "1.26.0",
      "resolved": "https://registry.npmjs.org/lightningcss/-/lightningcss-1.26.0.tgz",
      "integrity": "sha512-a/XZ5hdgifrofQJUArr5AiJjx26SwMam3SJUSMjgebZbESZ96i+6Qsl8tLi0kaUsdMzBWXh9sN1Oe6hp2/dkQw==",
      "dev": true,
      "dependencies": {
        "detect-libc": "^1.0.3"
      },
      "engines": {
        "node": ">= 12.0.0"
      },
      "funding": {
        "type": "opencollective",
        "url": "https://opencollective.com/parcel"
      },
      "optionalDependencies": {
        "lightningcss-darwin-arm64": "1.26.0",
        "lightningcss-darwin-x64": "1.26.0",
        "lightningcss-freebsd-x64": "1.26.0",
        "lightningcss-linux-arm-gnueabihf": "1.26.0",
        "lightningcss-linux-arm64-gnu": "1.26.0",
        "lightningcss-linux-arm64-musl": "1.26.0",
        "lightningcss-linux-x64-gnu": "1.26.0",
        "lightningcss-linux-x64-musl": "1.26.0",
        "lightningcss-win32-arm64-msvc": "1.26.0",
        "lightningcss-win32-x64-msvc": "1.26.0"
      }
    },
    "node_modules/lightningcss-linux-x64-gnu": {
      "version": "1.26.0",
      "resolved": "https://registry.npmjs.org/lightningcss-linux-x64-gnu/-/lightningcss-linux-x64-gnu-1.26.0.tgz",
      "integrity": "sha512-1dkTfZQAYLj8MUSkd6L/+TWTG8V6Kfrzfa0T1fSlXCXQHrt1HC1/UepXHtKHDt/9yFwyoeayivxXAsApVxn6zA==",
      "cpu": [
        "x64"
      ],
      "dev": true,
      "optional": true,
      "os": [
        "linux"
      ],
      "engines": {
        "node": ">= 12.0.0"
      },
      "funding": {
        "type": "opencollective",
        "url": "https://opencollective.com/parcel"
      }
    }
  }
}
